<?xml version="1.0" encoding="utf-8"?>
<Project ToolsVersion="4.0" xmlns="http://schemas.microsoft.com/developer/msbuild/2003">
  <ItemGroup>
    <Filter Include="Source Files">
      <UniqueIdentifier>{4FC737F1-C7A5-4376-A066-2A32D752A2FF}</UniqueIdentifier>
      <Extensions>cpp;c;cc;cxx;c++;cppm;ixx;def;odl;idl;hpj;bat;asm;asmx</Extensions>
    </Filter>
    <Filter Include="Resource Files">
      <UniqueIdentifier>{67DA6AB6-F800-4c08-8B7A-83BB121AAD01}</UniqueIdentifier>
      <Extensions>rc;ico;cur;bmp;dlg;rc2;rct;bin;rgs;gif;jpg;jpeg;jpe;resx;tiff;tif;png;wav;mfcribbon-ms</Extensions>
    </Filter>
  </ItemGroup>
  <ItemGroup>
    <ClCompile Include="OptiB_foo3.cpp">
      <Filter>Source Files</Filter>
    </ClCompile>
    <ClCompile Include="check.cpp">
      <Filter>Source Files</Filter>
    </ClCompile>
    <ClCompile Include="FootballBettingGameParser.cpp">
      <Filter>Source Files</Filter>
    </ClCompile>
    <ClCompile Include="MyBipartition.cpp">
      <Filter>Source Files</Filter>
    </ClCompile>
    <ClCompile Include="MyFootballBettingGame.cpp">
      <Filter>Source Files</Filter>
    </ClCompile>
    <ClCompile Include="MyMaxFlow.cpp">
      <Filter>Source Files</Filter>
    </ClCompile>
    <ClCompile Include="MyMaxWeightedMatching.cpp">
      <Filter>Source Files</Filter>
    </ClCompile>
    <ClCompile Include="randomVertex.cpp">
      <Filter>Source Files</Filter>
    </ClCompile>
    <ClCompile Include="readLgf.cpp">
      <Filter>Source Files</Filter>
    </ClCompile>
  </ItemGroup>
  <ItemGroup>
    <ClInclude Include="check.h" />
    <ClInclude Include="FootballBettingGameParser.h" />
    <ClInclude Include="max_cardinality_matching.hpp" />
    <ClInclude Include="maximum_weighted_matching.hpp" />
    <ClInclude Include="MyBipartition.h" />
    <ClInclude Include="MyFootballBettingGame.h" />
    <ClInclude Include="MyMaxFlow.h" />
    <ClInclude Include="MyMaxWeightedMatching.h" />
    <ClInclude Include="randomVertex.h" />
    <ClInclude Include="readLgf.h" />
    <ClInclude Include="types.h" />
    <ClInclude Include="min_cost_max_flow_utils.hpp" />
  </ItemGroup>
</Project>